github.com/fxamacker/cbor/v2 v2.9.2 h1:X4Ksno9+x3cz0TZv69ec1hxP/+tymuR8PXQJyDwfh78=
github.com/fxamacker/cbor/v2 v2.9.2/go.mod h1:vM4b+DJCtHn+zz7h3FFp/hDAI9WNWCsZj23V5ytsSxQ=
github.com/x448/float16 v0.8.4 h1:qLwI1I70+NjRFUR3zs1JPUCgaCXSh3SW62uAKT1mSBM=
github.com/x448/float16 v0.8.4/go.mod h1:14CWIYCyZA/cWjXOioeEpHeN/83MdbZDRQHoFcYsOfg=
golang.org/x/crypto v0.52.0 h1:RMs7fP2rXdep0CftQlK8Uf+kibLm7qkCcradZWYz988=
golang.org/x/crypto v0.52.0/go.mod h1:1QgfPxDqh0T2M/elOJtp9RvuR95kVjir0e6/BvEmGbc=
golang.org/x/net v0.54.0 h1:2zJIZAxAHV/OHCDTCOHAYehQzLfSXuf/5SoL/Dv6w/w=
golang.org/x/net v0.54.0/go.mod h1:Sj4oj8jK6XmHpBZU/zWHw3BV3abl4Kvi+Ut7cQcY+cQ=
golang.org/x/sys v0.45.0 h1:dO4czNzziLiiXplLQgBCEpCvXQ3dnkn0SdaZSYdQ+FY=
golang.org/x/sys v0.45.0/go.mod h1:4GL1E5IUh+htKOUEOaiffhrAeqysfVGipDYzABqnCmw=
golang.org/x/text v0.37.0 h1:Cqjiwd9eSg8e0QAkyCaQTNHFIIzWtidPahFWR83rTrc=
golang.org/x/text v0.37.0/go.mod h1:a5sjxXGs9hsn/AJVwuElvCAo9v8QYLzvavO5z2PiM38=
